{
    "_readme": [
        "This file locks the dependencies of your project to a known state",
        "Read more about it at https://getcomposer.org/doc/01-basic-usage.md#installing-dependencies",
        "This file is @generated automatically"
    ],
    "content-hash": "47300991cdd8088458a47594374cb8bd",
    "packages": [],
    "packages-dev": [
        {
            "name": "websyspro/package",
            "version": "1.0.20",
            "source": {
                "type": "git",
                "url": "https://github.com/websyspro/package.git",
                "reference": "f81a5e0374dbfe246e5860b09a6a772aab6b5d44"
            },
            "dist": {
                "type": "zip",
                "url": "https://api.github.com/repos/websyspro/package/zipball/f81a5e0374dbfe246e5860b09a6a772aab6b5d44",
                "reference": "f81a5e0374dbfe246e5860b09a6a772aab6b5d44",
                "shasum": ""
            },
            "bin": [
                "bin/publish"
            ],
            "type": "library",
            "autoload": {
                "psr-4": {
                    "Websyspro\\Package\\": "src/"
                }
            },
            "notification-url": "https://packagist.org/downloads/",
            "license": [
                "MIT"
            ],
            "authors": [
                {
                    "name": "websyspro",
                    "email": "websyspro.services@gmail.com"
                }
            ],
            "description": "Version Management",
            "support": {
                "issues": "https://github.com/websyspro/package/issues",
                "source": "https://github.com/websyspro/package/tree/v1.0.20"
            },
            "time": "2026-08-07T20:16:10+00:00"
        }
    ],
    "aliases": [],
    "minimum-stability": "dev",
    "stability-flags": {},
    "prefer-stable": true,
    "prefer-lowest": false,
    "platform": {
        "php": ">=7.4"
    },
    "platform-dev": {},
    "plugin-api-version": "2.9.0"
}
