{
    "_readme": [
        "This file locks the dependencies of your project to a known state",
        "Read more about it at https://getcomposer.org/doc/01-basic-usage.md#installing-dependencies",
        "This file is @generated automatically"
    ],
    "content-hash": "970e6e8aa5b20f10ed4e563c6f5c693f",
    "packages": [],
    "packages-dev": [
        {
            "name": "websyspro/package",
            "version": "1.0.84",
            "source": {
                "type": "git",
                "url": "https://github.com/websyspro/package.git",
                "reference": "9bfc28d32a20e84a9b663c74c50ac093a7d712ba"
            },
            "dist": {
                "type": "zip",
                "url": "https://api.github.com/repos/websyspro/package/zipball/9bfc28d32a20e84a9b663c74c50ac093a7d712ba",
                "reference": "9bfc28d32a20e84a9b663c74c50ac093a7d712ba",
                "shasum": ""
            },
            "bin": [
                "bin/publish"
            ],
            "type": "library",
            "autoload": {
                "psr-4": {
                    "Websyspro\\Package\\": "src/"
                }
            },
            "notification-url": "https://packagist.org/downloads/",
            "license": [
                "MIT"
            ],
            "authors": [
                {
                    "name": "websyspro",
                    "email": "websyspro.services@gmail.com"
                }
            ],
            "description": "Version Management",
            "support": {
                "issues": "https://github.com/websyspro/package/issues",
                "source": "https://github.com/websyspro/package/tree/1.0.84"
            },
            "time": "2026-09-18T13:34:52+00:00"
        }
    ],
    "aliases": [],
    "minimum-stability": "dev",
    "stability-flags": {},
    "prefer-stable": true,
    "prefer-lowest": false,
    "platform": {
        "php": ">=7.4"
    },
    "platform-dev": {},
    "plugin-api-version": "2.9.0"
}
